{
    "_readme": [
        "This file locks the dependencies of your project to a known state",
        "Read more about it at https://getcomposer.org/doc/01-basic-usage.md#installing-dependencies",
        "This file is @generated automatically"
    ],
    "content-hash": "dc8d4bd2dd7c348c994b94b81f0dd01a",
    "packages": [
        {
            "name": "fize/db",
            "version": "dev-master",
            "source": {
                "type": "git",
                "url": "https://github.com/cfz87862529/FizeDb.git",
                "reference": "86e30cf65ee1ce9802e860fbd8d0ce58c137a9d2"
            },
            "dist": {
                "type": "zip",
                "url": "https://api.github.com/repos/cfz87862529/FizeDb/zipball/86e30cf65ee1ce9802e860fbd8d0ce58c137a9d2",
                "reference": "86e30cf65ee1ce9802e860fbd8d0ce58c137a9d2",
                "shasum": "",
                "mirrors": [
                    {
                        "url": "https://mirrors.aliyun.com/composer/dists/%package%/%reference%.%type%",
                        "preferred": true
                    }
                ]
            },
            "require": {
                "php": ">=7.0.0"
            },
            "type": "library",
            "autoload": {
                "psr-4": {
                    "fize\\db\\": "src"
                }
            },
            "notification-url": "https://packagist.org/downloads/",
            "license": [
                "Apache-2.0"
            ],
            "authors": [
                {
                    "name": "FizeChan",
                    "email": "chenfengzhan@qq.com"
                }
            ],
            "description": "A fully functional and easy to extend the database class library, ORM class library. produced by FizeChan.",
            "time": "2019-08-22T07:34:00+00:00"
        }
    ],
    "packages-dev": [],
    "aliases": [],
    "minimum-stability": "stable",
    "stability-flags": {
        "fize/db": 20
    },
    "prefer-stable": false,
    "prefer-lowest": false,
    "platform": {
        "php": ">=7.0.0"
    },
    "platform-dev": []
}
